// !$*UTF8*$!
{
	archiveVersion = 1;
	classes = {
	};
	objectVersion = 50;
	objects = {

/* Begin PBXBuildFile section */
		934E170726313BE5007820BE /* CheckTasksCoordinator.swift in Sources */ = {isa = PBXBuildFile; fileRef = 934E170626313BE5007820BE /* CheckTasksCoordinator.swift */; };
		934E171026313FFD007820BE /* TasksList.xib in Resources */ = {isa = PBXBuildFile; fileRef = 934E170F26313FFD007820BE /* TasksList.xib */; };
		934E171326314061007820BE /* TasksListViewController.swift in Sources */ = {isa = PBXBuildFile; fileRef = 934E171226314061007820BE /* TasksListViewController.swift */; };
		934E171626314094007820BE /* TasksListViewModel.swift in Sources */ = {isa = PBXBuildFile; fileRef = 934E171526314094007820BE /* TasksListViewModel.swift */; };
		934E171926316BD7007820BE /* Task.xib in Resources */ = {isa = PBXBuildFile; fileRef = 934E171826316BD7007820BE /* Task.xib */; };
		934E171E26316C1C007820BE /* TaskViewController.swift in Sources */ = {isa = PBXBuildFile; fileRef = 934E171D26316C1C007820BE /* TaskViewController.swift */; };
		934E172126316C36007820BE /* TaskViewModel.swift in Sources */ = {isa = PBXBuildFile; fileRef = 934E172026316C36007820BE /* TaskViewModel.swift */; };
		9377B9E92631E41F0001CE01 /* time.png in Resources */ = {isa = PBXBuildFile; fileRef = 9377B9E82631E41F0001CE01 /* time.png */; };
		9377B9ED2631E5CE0001CE01 /* label.png in Resources */ = {isa = PBXBuildFile; fileRef = 9377B9EC2631E5CE0001CE01 /* label.png */; };
		93FAB405262808DF00C83649 /* AppCoordinator.swift in Sources */ = {isa = PBXBuildFile; fileRef = 93FAB404262808DF00C83649 /* AppCoordinator.swift */; };
		93FAB40B2628096200C83649 /* Coordinator.swift in Sources */ = {isa = PBXBuildFile; fileRef = 93FAB40A2628096200C83649 /* Coordinator.swift */; };
		93FAB41526280A6400C83649 /* AuthorizeCoordinator.swift in Sources */ = {isa = PBXBuildFile; fileRef = 93FAB41426280A6400C83649 /* AuthorizeCoordinator.swift */; };
		93FAB41A26280C5900C83649 /* Nunito.ttf in Resources */ = {isa = PBXBuildFile; fileRef = 93FAB41926280C5900C83649 /* Nunito.ttf */; };
		93FAB422262817E600C83649 /* pencil.png in Resources */ = {isa = PBXBuildFile; fileRef = 93FAB41F262817E600C83649 /* pencil.png */; };
		93FAB423262817E600C83649 /* chillGuy.png in Resources */ = {isa = PBXBuildFile; fileRef = 93FAB420262817E600C83649 /* chillGuy.png */; };
		93FAB424262817E600C83649 /* tabletWithPen.png in Resources */ = {isa = PBXBuildFile; fileRef = 93FAB421262817E600C83649 /* tabletWithPen.png */; };
		93FAB429262817F400C83649 /* tabletWithPen.svg in Resources */ = {isa = PBXBuildFile; fileRef = 93FAB426262817F300C83649 /* tabletWithPen.svg */; };
		93FAB42A262817F400C83649 /* chillGuy.svg in Resources */ = {isa = PBXBuildFile; fileRef = 93FAB427262817F300C83649 /* chillGuy.svg */; };
		93FAB42B262817F400C83649 /* pencil.svg in Resources */ = {isa = PBXBuildFile; fileRef = 93FAB428262817F300C83649 /* pencil.svg */; };
		93FAB43226281D6100C83649 /* CustomButton.xib in Resources */ = {isa = PBXBuildFile; fileRef = 93FAB43126281D6100C83649 /* CustomButton.xib */; };
		93FAB43626281E4A00C83649 /* Login.xib in Resources */ = {isa = PBXBuildFile; fileRef = 93FAB43526281E4A00C83649 /* Login.xib */; };
		93FAB43926283A9200C83649 /* ApiClient.swift in Sources */ = {isa = PBXBuildFile; fileRef = 93FAB43826283A9200C83649 /* ApiClient.swift */; };
		93FAB43C262B0C1400C83649 /* LoginViewModel.swift in Sources */ = {isa = PBXBuildFile; fileRef = 93FAB43B262B0C1400C83649 /* LoginViewModel.swift */; };
		93FAB43F262B0F5100C83649 /* LoginViewController.swift in Sources */ = {isa = PBXBuildFile; fileRef = 93FAB43E262B0F5100C83649 /* LoginViewController.swift */; };
		93FAB444262BD8CF00C83649 /* Register.xib in Resources */ = {isa = PBXBuildFile; fileRef = 93FAB443262BD8CF00C83649 /* Register.xib */; };
		93FAB447262BE7CC00C83649 /* RegisterViewController.swift in Sources */ = {isa = PBXBuildFile; fileRef = 93FAB446262BE7CC00C83649 /* RegisterViewController.swift */; };
		93FAB44A262BE80800C83649 /* RegisterViewModel.swift in Sources */ = {isa = PBXBuildFile; fileRef = 93FAB449262BE80800C83649 /* RegisterViewModel.swift */; };
		93FAB451262E991400C83649 /* Extensions.swift in Sources */ = {isa = PBXBuildFile; fileRef = 93FAB450262E991400C83649 /* Extensions.swift */; };
		E64B63D4261A488E00ABE6E4 /* AppDelegate.swift in Sources */ = {isa = PBXBuildFile; fileRef = E64B63D3261A488E00ABE6E4 /* AppDelegate.swift */; };
		E64B63D6261A488E00ABE6E4 /* SceneDelegate.swift in Sources */ = {isa = PBXBuildFile; fileRef = E64B63D5261A488E00ABE6E4 /* SceneDelegate.swift */; };
		E64B63DE261A488E00ABE6E4 /* NotForgotAgain.xcdatamodeld in Sources */ = {isa = PBXBuildFile; fileRef = E64B63DC261A488E00ABE6E4 /* NotForgotAgain.xcdatamodeld */; };
		E64B63E0261A489400ABE6E4 /* Assets.xcassets in Resources */ = {isa = PBXBuildFile; fileRef = E64B63DF261A489400ABE6E4 /* Assets.xcassets */; };
		E64B63E3261A489400ABE6E4 /* LaunchScreen.storyboard in Resources */ = {isa = PBXBuildFile; fileRef = E64B63E1261A489400ABE6E4 /* LaunchScreen.storyboard */; };
/* End PBXBuildFile section */

/* Begin PBXFileReference section */
		934E170626313BE5007820BE /* CheckTasksCoordinator.swift */ = {isa = PBXFileReference; lastKnownFileType = sourcecode.swift; path = CheckTasksCoordinator.swift; sourceTree = "<group>"; };
		934E170F26313FFD007820BE /* TasksList.xib */ = {isa = PBXFileReference; lastKnownFileType = file.xib; path = TasksList.xib; sourceTree = "<group>"; };
		934E171226314061007820BE /* TasksListViewController.swift */ = {isa = PBXFileReference; lastKnownFileType = sourcecode.swift; path = TasksListViewController.swift; sourceTree = "<group>"; };
		934E171526314094007820BE /* TasksListViewModel.swift */ = {isa = PBXFileReference; lastKnownFileType = sourcecode.swift; path = TasksListViewModel.swift; sourceTree = "<group>"; };
		934E171826316BD7007820BE /* Task.xib */ = {isa = PBXFileReference; lastKnownFileType = file.xib; path = Task.xib; sourceTree = "<group>"; };
		934E171D26316C1C007820BE /* TaskViewController.swift */ = {isa = PBXFileReference; lastKnownFileType = sourcecode.swift; path = TaskViewController.swift; sourceTree = "<group>"; };
		934E172026316C36007820BE /* TaskViewModel.swift */ = {isa = PBXFileReference; lastKnownFileType = sourcecode.swift; path = TaskViewModel.swift; sourceTree = "<group>"; };
		9377B9E82631E41F0001CE01 /* time.png */ = {isa = PBXFileReference; lastKnownFileType = image.png; name = time.png; path = "../../../../../Downloads/iPhone 11 Pro/time.png"; sourceTree = "<group>"; };
		9377B9EC2631E5CE0001CE01 /* label.png */ = {isa = PBXFileReference; lastKnownFileType = image.png; name = label.png; path = "../../../../../Downloads/iPhone 11 Pro 2/label.png"; sourceTree = "<group>"; };
		93FAB404262808DF00C83649 /* AppCoordinator.swift */ = {isa = PBXFileReference; lastKnownFileType = sourcecode.swift; path = AppCoordinator.swift; sourceTree = "<group>"; };
		93FAB40A2628096200C83649 /* Coordinator.swift */ = {isa = PBXFileReference; lastKnownFileType = sourcecode.swift; path = Coordinator.swift; sourceTree = "<group>"; };
		93FAB41426280A6400C83649 /* AuthorizeCoordinator.swift */ = {isa = PBXFileReference; lastKnownFileType = sourcecode.swift; path = AuthorizeCoordinator.swift; sourceTree = "<group>"; };
		93FAB41926280C5900C83649 /* Nunito.ttf */ = {isa = PBXFileReference; lastKnownFileType = file; name = Nunito.ttf; path = ../../../../Downloads/nunito/Nunito.ttf; sourceTree = "<group>"; };
		93FAB41F262817E600C83649 /* pencil.png */ = {isa = PBXFileReference; lastKnownFileType = image.png; name = pencil.png; path = rawAssets/rawImages/images/PNG/pencil.png; sourceTree = SOURCE_ROOT; };
		93FAB420262817E600C83649 /* chillGuy.png */ = {isa = PBXFileReference; lastKnownFileType = image.png; name = chillGuy.png; path = rawAssets/rawImages/images/PNG/chillGuy.png; sourceTree = SOURCE_ROOT; };
		93FAB421262817E600C83649 /* tabletWithPen.png */ = {isa = PBXFileReference; lastKnownFileType = image.png; name = tabletWithPen.png; path = rawAssets/rawImages/images/PNG/tabletWithPen.png; sourceTree = SOURCE_ROOT; };
		93FAB426262817F300C83649 /* tabletWithPen.svg */ = {isa = PBXFileReference; lastKnownFileType = text; name = tabletWithPen.svg; path = rawAssets/rawImages/images/SVG/tabletWithPen.svg; sourceTree = SOURCE_ROOT; };
		93FAB427262817F300C83649 /* chillGuy.svg */ = {isa = PBXFileReference; lastKnownFileType = text; name = chillGuy.svg; path = rawAssets/rawImages/images/SVG/chillGuy.svg; sourceTree = SOURCE_ROOT; };
		93FAB428262817F300C83649 /* pencil.svg */ = {isa = PBXFileReference; lastKnownFileType = text; name = pencil.svg; path = rawAssets/rawImages/images/SVG/pencil.svg; sourceTree = SOURCE_ROOT; };
		93FAB43126281D6100C83649 /* CustomButton.xib */ = {isa = PBXFileReference; lastKnownFileType = file.xib; path = CustomButton.xib; sourceTree = "<group>"; };
		93FAB43526281E4A00C83649 /* Login.xib */ = {isa = PBXFileReference; lastKnownFileType = file.xib; path = Login.xib; sourceTree = "<group>"; };
		93FAB43826283A9200C83649 /* ApiClient.swift */ = {isa = PBXFileReference; lastKnownFileType = sourcecode.swift; path = ApiClient.swift; sourceTree = "<group>"; };
		93FAB43B262B0C1400C83649 /* LoginViewModel.swift */ = {isa = PBXFileReference; lastKnownFileType = sourcecode.swift; path = LoginViewModel.swift; sourceTree = "<group>"; };
		93FAB43E262B0F5100C83649 /* LoginViewController.swift */ = {isa = PBXFileReference; lastKnownFileType = sourcecode.swift; path = LoginViewController.swift; sourceTree = "<group>"; };
		93FAB443262BD8CF00C83649 /* Register.xib */ = {isa = PBXFileReference; lastKnownFileType = file.xib; path = Register.xib; sourceTree = "<group>"; };
		93FAB446262BE7CC00C83649 /* RegisterViewController.swift */ = {isa = PBXFileReference; lastKnownFileType = sourcecode.swift; path = RegisterViewController.swift; sourceTree = "<group>"; };
		93FAB449262BE80800C83649 /* RegisterViewModel.swift */ = {isa = PBXFileReference; lastKnownFileType = sourcecode.swift; path = RegisterViewModel.swift; sourceTree = "<group>"; };
		93FAB450262E991400C83649 /* Extensions.swift */ = {isa = PBXFileReference; lastKnownFileType = sourcecode.swift; path = Extensions.swift; sourceTree = "<group>"; };
		E64B63D0261A488E00ABE6E4 /* NotForgotAgain.app */ = {isa = PBXFileReference; explicitFileType = wrapper.application; includeInIndex = 0; path = NotForgotAgain.app; sourceTree = BUILT_PRODUCTS_DIR; };
		E64B63D3261A488E00ABE6E4 /* AppDelegate.swift */ = {isa = PBXFileReference; lastKnownFileType = sourcecode.swift; path = AppDelegate.swift; sourceTree = "<group>"; };
		E64B63D5261A488E00ABE6E4 /* SceneDelegate.swift */ = {isa = PBXFileReference; lastKnownFileType = sourcecode.swift; path = SceneDelegate.swift; sourceTree = "<group>"; };
		E64B63DD261A488E00ABE6E4 /* NotForgotAgain.xcdatamodel */ = {isa = PBXFileReference; lastKnownFileType = wrapper.xcdatamodel; path = NotForgotAgain.xcdatamodel; sourceTree = "<group>"; };
		E64B63DF261A489400ABE6E4 /* Assets.xcassets */ = {isa = PBXFileReference; lastKnownFileType = folder.assetcatalog; path = Assets.xcassets; sourceTree = "<group>"; };
		E64B63E2261A489400ABE6E4 /* Base */ = {isa = PBXFileReference; lastKnownFileType = file.storyboard; name = Base; path = Base.lproj/LaunchScreen.storyboard; sourceTree = "<group>"; };
		E64B63E4261A489400ABE6E4 /* Info.plist */ = {isa = PBXFileReference; lastKnownFileType = text.plist.xml; path = Info.plist; sourceTree = "<group>"; };
/* End PBXFileReference section */

/* Begin PBXFrameworksBuildPhase section */
		E64B63CD261A488E00ABE6E4 /* Frameworks */ = {
			isa = PBXFrameworksBuildPhase;
			buildActionMask = 2147483647;
			files = (
			);
			runOnlyForDeploymentPostprocessing = 0;
		};
/* End PBXFrameworksBuildPhase section */

/* Begin PBXGroup section */
		934E170526313BA7007820BE /* Check Tasks */ = {
			isa = PBXGroup;
			children = (
				934E170A26313C38007820BE /* Views */,
				934E170C26313C51007820BE /* ViewControllers */,
				934E170B26313C48007820BE /* ViewModels */,
				934E170D26313C5A007820BE /* Models */,
				934E170626313BE5007820BE /* CheckTasksCoordinator.swift */,
			);
			path = "Check Tasks";
			sourceTree = "<group>";
		};
		934E170A26313C38007820BE /* Views */ = {
			isa = PBXGroup;
			children = (
				934E170F26313FFD007820BE /* TasksList.xib */,
				934E171826316BD7007820BE /* Task.xib */,
			);
			path = Views;
			sourceTree = "<group>";
		};
		934E170B26313C48007820BE /* ViewModels */ = {
			isa = PBXGroup;
			children = (
				934E171526314094007820BE /* TasksListViewModel.swift */,
				934E172026316C36007820BE /* TaskViewModel.swift */,
			);
			path = ViewModels;
			sourceTree = "<group>";
		};
		934E170C26313C51007820BE /* ViewControllers */ = {
			isa = PBXGroup;
			children = (
				934E171226314061007820BE /* TasksListViewController.swift */,
				934E171D26316C1C007820BE /* TaskViewController.swift */,
			);
			path = ViewControllers;
			sourceTree = "<group>";
		};
		934E170D26313C5A007820BE /* Models */ = {
			isa = PBXGroup;
			children = (
			);
			path = Models;
			sourceTree = "<group>";
		};
		93FAB4002628082700C83649 /* Scenes */ = {
			isa = PBXGroup;
			children = (
				E64B63E1261A489400ABE6E4 /* LaunchScreen.storyboard */,
				93FAB404262808DF00C83649 /* AppCoordinator.swift */,
				93FAB40A2628096200C83649 /* Coordinator.swift */,
				934E170526313BA7007820BE /* Check Tasks */,
				93FAB407262808FF00C83649 /* Authorize */,
			);
			path = Scenes;
			sourceTree = "<group>";
		};
		93FAB407262808FF00C83649 /* Authorize */ = {
			isa = PBXGroup;
			children = (
				93FAB4102628099A00C83649 /* Views */,
				93FAB40F2628098F00C83649 /* ViewControllers */,
				93FAB40E2628098100C83649 /* ViewModels */,
				93FAB4082628090A00C83649 /* Models */,
				93FAB41426280A6400C83649 /* AuthorizeCoordinator.swift */,
			);
			path = Authorize;
			sourceTree = "<group>";
		};
		93FAB4082628090A00C83649 /* Models */ = {
			isa = PBXGroup;
			children = (
			);
			path = Models;
			sourceTree = "<group>";
		};
		93FAB40E2628098100C83649 /* ViewModels */ = {
			isa = PBXGroup;
			children = (
				93FAB43B262B0C1400C83649 /* LoginViewModel.swift */,
				93FAB449262BE80800C83649 /* RegisterViewModel.swift */,
			);
			path = ViewModels;
			sourceTree = "<group>";
		};
		93FAB40F2628098F00C83649 /* ViewControllers */ = {
			isa = PBXGroup;
			children = (
				93FAB43E262B0F5100C83649 /* LoginViewController.swift */,
				93FAB446262BE7CC00C83649 /* RegisterViewController.swift */,
			);
			path = ViewControllers;
			sourceTree = "<group>";
		};
		93FAB4102628099A00C83649 /* Views */ = {
			isa = PBXGroup;
			children = (
				93FAB43526281E4A00C83649 /* Login.xib */,
				93FAB443262BD8CF00C83649 /* Register.xib */,
				93FAB43126281D6100C83649 /* CustomButton.xib */,
			);
			path = Views;
			sourceTree = "<group>";
		};
		93FAB41726280BD400C83649 /* Fonts */ = {
			isa = PBXGroup;
			children = (
				93FAB41926280C5900C83649 /* Nunito.ttf */,
			);
			path = Fonts;
			sourceTree = "<group>";
		};
		93FAB41826280BE200C83649 /* RawImages */ = {
			isa = PBXGroup;
			children = (
				93FAB41E262817D500C83649 /* SVG */,
				93FAB41D262817CF00C83649 /* PNG */,
			);
			path = RawImages;
			sourceTree = "<group>";
		};
		93FAB41D262817CF00C83649 /* PNG */ = {
			isa = PBXGroup;
			children = (
				9377B9EC2631E5CE0001CE01 /* label.png */,
				9377B9E82631E41F0001CE01 /* time.png */,
				93FAB420262817E600C83649 /* chillGuy.png */,
				93FAB41F262817E600C83649 /* pencil.png */,
				93FAB421262817E600C83649 /* tabletWithPen.png */,
			);
			path = PNG;
			sourceTree = "<group>";
		};
		93FAB41E262817D500C83649 /* SVG */ = {
			isa = PBXGroup;
			children = (
				93FAB427262817F300C83649 /* chillGuy.svg */,
				93FAB428262817F300C83649 /* pencil.svg */,
				93FAB426262817F300C83649 /* tabletWithPen.svg */,
			);
			path = SVG;
			sourceTree = "<group>";
		};
		E64B63C7261A488E00ABE6E4 = {
			isa = PBXGroup;
			children = (
				E64B63D2261A488E00ABE6E4 /* NotForgotAgain */,
				E64B63D1261A488E00ABE6E4 /* Products */,
			);
			sourceTree = "<group>";
		};
		E64B63D1261A488E00ABE6E4 /* Products */ = {
			isa = PBXGroup;
			children = (
				E64B63D0261A488E00ABE6E4 /* NotForgotAgain.app */,
			);
			name = Products;
			sourceTree = "<group>";
		};
		E64B63D2261A488E00ABE6E4 /* NotForgotAgain */ = {
			isa = PBXGroup;
			children = (
				93FAB41826280BE200C83649 /* RawImages */,
				93FAB41726280BD400C83649 /* Fonts */,
				93FAB4002628082700C83649 /* Scenes */,
				E64B63D3261A488E00ABE6E4 /* AppDelegate.swift */,
				E64B63D5261A488E00ABE6E4 /* SceneDelegate.swift */,
				93FAB43826283A9200C83649 /* ApiClient.swift */,
				93FAB450262E991400C83649 /* Extensions.swift */,
				E64B63DC261A488E00ABE6E4 /* NotForgotAgain.xcdatamodeld */,
				E64B63E4261A489400ABE6E4 /* Info.plist */,
				E64B63DF261A489400ABE6E4 /* Assets.xcassets */,
			);
			path = NotForgotAgain;
			sourceTree = "<group>";
		};
/* End PBXGroup section */

/* Begin PBXNativeTarget section */
		E64B63CF261A488E00ABE6E4 /* NotForgotAgain */ = {
			isa = PBXNativeTarget;
			buildConfigurationList = E64B63E7261A489400ABE6E4 /* Build configuration list for PBXNativeTarget "NotForgotAgain" */;
			buildPhases = (
				E64B63CC261A488E00ABE6E4 /* Sources */,
				E64B63CD261A488E00ABE6E4 /* Frameworks */,
				E64B63CE261A488E00ABE6E4 /* Resources */,
			);
			buildRules = (
			);
			dependencies = (
			);
			name = NotForgotAgain;
			productName = NotForgotAgain;
			productReference = E64B63D0261A488E00ABE6E4 /* NotForgotAgain.app */;
			productType = "com.apple.product-type.application";
		};
/* End PBXNativeTarget section */

/* Begin PBXProject section */
		E64B63C8261A488E00ABE6E4 /* Project object */ = {
			isa = PBXProject;
			attributes = {
				LastSwiftUpdateCheck = 1240;
				LastUpgradeCheck = 1240;
				TargetAttributes = {
					E64B63CF261A488E00ABE6E4 = {
						CreatedOnToolsVersion = 12.4;
					};
				};
			};
			buildConfigurationList = E64B63CB261A488E00ABE6E4 /* Build configuration list for PBXProject "NotForgotAgain" */;
			compatibilityVersion = "Xcode 9.3";
			developmentRegion = en;
			hasScannedForEncodings = 0;
			knownRegions = (
				en,
				Base,
			);
			mainGroup = E64B63C7261A488E00ABE6E4;
			productRefGroup = E64B63D1261A488E00ABE6E4 /* Products */;
			projectDirPath = "";
			projectRoot = "";
			targets = (
				E64B63CF261A488E00ABE6E4 /* NotForgotAgain */,
			);
		};
/* End PBXProject section */

/* Begin PBXResourcesBuildPhase section */
		E64B63CE261A488E00ABE6E4 /* Resources */ = {
			isa = PBXResourcesBuildPhase;
			buildActionMask = 2147483647;
			files = (
				934E171926316BD7007820BE /* Task.xib in Resources */,
				93FAB422262817E600C83649 /* pencil.png in Resources */,
				93FAB444262BD8CF00C83649 /* Register.xib in Resources */,
				9377B9ED2631E5CE0001CE01 /* label.png in Resources */,
				93FAB41A26280C5900C83649 /* Nunito.ttf in Resources */,
				93FAB429262817F400C83649 /* tabletWithPen.svg in Resources */,
				93FAB43226281D6100C83649 /* CustomButton.xib in Resources */,
				E64B63E3261A489400ABE6E4 /* LaunchScreen.storyboard in Resources */,
				93FAB42B262817F400C83649 /* pencil.svg in Resources */,
				E64B63E0261A489400ABE6E4 /* Assets.xcassets in Resources */,
				9377B9E92631E41F0001CE01 /* time.png in Resources */,
				93FAB42A262817F400C83649 /* chillGuy.svg in Resources */,
				93FAB423262817E600C83649 /* chillGuy.png in Resources */,
				93FAB424262817E600C83649 /* tabletWithPen.png in Resources */,
				934E171026313FFD007820BE /* TasksList.xib in Resources */,
				93FAB43626281E4A00C83649 /* Login.xib in Resources */,
			);
			runOnlyForDeploymentPostprocessing = 0;
		};
/* End PBXResourcesBuildPhase section */

/* Begin PBXSourcesBuildPhase section */
		E64B63CC261A488E00ABE6E4 /* Sources */ = {
			isa = PBXSourcesBuildPhase;
			buildActionMask = 2147483647;
			files = (
				93FAB405262808DF00C83649 /* AppCoordinator.swift in Sources */,
				934E171626314094007820BE /* TasksListViewModel.swift in Sources */,
				93FAB447262BE7CC00C83649 /* RegisterViewController.swift in Sources */,
				93FAB41526280A6400C83649 /* AuthorizeCoordinator.swift in Sources */,
				93FAB43926283A9200C83649 /* ApiClient.swift in Sources */,
				934E171E26316C1C007820BE /* TaskViewController.swift in Sources */,
				934E171326314061007820BE /* TasksListViewController.swift in Sources */,
				93FAB40B2628096200C83649 /* Coordinator.swift in Sources */,
				934E170726313BE5007820BE /* CheckTasksCoordinator.swift in Sources */,
				E64B63DE261A488E00ABE6E4 /* NotForgotAgain.xcdatamodeld in Sources */,
				93FAB44A262BE80800C83649 /* RegisterViewModel.swift in Sources */,
				93FAB451262E991400C83649 /* Extensions.swift in Sources */,
				E64B63D4261A488E00ABE6E4 /* AppDelegate.swift in Sources */,
				E64B63D6261A488E00ABE6E4 /* SceneDelegate.swift in Sources */,
				93FAB43F262B0F5100C83649 /* LoginViewController.swift in Sources */,
				93FAB43C262B0C1400C83649 /* LoginViewModel.swift in Sources */,
				934E172126316C36007820BE /* TaskViewModel.swift in Sources */,
			);
			runOnlyForDeploymentPostprocessing = 0;
		};
/* End PBXSourcesBuildPhase section */

/* Begin PBXVariantGroup section */
		E64B63E1261A489400ABE6E4 /* LaunchScreen.storyboard */ = {
			isa = PBXVariantGroup;
			children = (
				E64B63E2261A489400ABE6E4 /* Base */,
			);
			name = LaunchScreen.storyboard;
			sourceTree = "<group>";
		};
/* End PBXVariantGroup section */

/* Begin XCBuildConfiguration section */
		E64B63E5261A489400ABE6E4 /* Debug */ = {
			isa = XCBuildConfiguration;
			buildSettings = {
				ALWAYS_SEARCH_USER_PATHS = NO;
				CLANG_ANALYZER_NONNULL = YES;
				CLANG_ANALYZER_NUMBER_OBJECT_CONVERSION = YES_AGGRESSIVE;
				CLANG_CXX_LANGUAGE_STANDARD = "gnu++14";
				CLANG_CXX_LIBRARY = "libc++";
				CLANG_ENABLE_MODULES = YES;
				CLANG_ENABLE_OBJC_ARC = YES;
				CLANG_ENABLE_OBJC_WEAK = YES;
				CLANG_WARN_BLOCK_CAPTURE_AUTORELEASING = YES;
				CLANG_WARN_BOOL_CONVERSION = YES;
				CLANG_WARN_COMMA = YES;
				CLANG_WARN_CONSTANT_CONVERSION = YES;
				CLANG_WARN_DEPRECATED_OBJC_IMPLEMENTATIONS = YES;
				CLANG_WARN_DIRECT_OBJC_ISA_USAGE = YES_ERROR;
				CLANG_WARN_DOCUMENTATION_COMMENTS = YES;
				CLANG_WARN_EMPTY_BODY = YES;
				CLANG_WARN_ENUM_CONVERSION = YES;
				CLANG_WARN_INFINITE_RECURSION = YES;
				CLANG_WARN_INT_CONVERSION = YES;
				CLANG_WARN_NON_LITERAL_NULL_CONVERSION = YES;
				CLANG_WARN_OBJC_IMPLICIT_RETAIN_SELF = YES;
				CLANG_WARN_OBJC_LITERAL_CONVERSION = YES;
				CLANG_WARN_OBJC_ROOT_CLASS = YES_ERROR;
				CLANG_WARN_QUOTED_INCLUDE_IN_FRAMEWORK_HEADER = YES;
				CLANG_WARN_RANGE_LOOP_ANALYSIS = YES;
				CLANG_WARN_STRICT_PROTOTYPES = YES;
				CLANG_WARN_SUSPICIOUS_MOVE = YES;
				CLANG_WARN_UNGUARDED_AVAILABILITY = YES_AGGRESSIVE;
				CLANG_WARN_UNREACHABLE_CODE = YES;
				CLANG_WARN__DUPLICATE_METHOD_MATCH = YES;
				COPY_PHASE_STRIP = NO;
				DEBUG_INFORMATION_FORMAT = dwarf;
				ENABLE_STRICT_OBJC_MSGSEND = YES;
				ENABLE_TESTABILITY = YES;
				GCC_C_LANGUAGE_STANDARD = gnu11;
				GCC_DYNAMIC_NO_PIC = NO;
				GCC_NO_COMMON_BLOCKS = YES;
				GCC_OPTIMIZATION_LEVEL = 0;
				GCC_PREPROCESSOR_DEFINITIONS = (
					"DEBUG=1",
					"$(inherited)",
				);
				GCC_WARN_64_TO_32_BIT_CONVERSION = YES;
				GCC_WARN_ABOUT_RETURN_TYPE = YES_ERROR;
				GCC_WARN_UNDECLARED_SELECTOR = YES;
				GCC_WARN_UNINITIALIZED_AUTOS = YES_AGGRESSIVE;
				GCC_WARN_UNUSED_FUNCTION = YES;
				GCC_WARN_UNUSED_VARIABLE = YES;
				IPHONEOS_DEPLOYMENT_TARGET = 14.4;
				MTL_ENABLE_DEBUG_INFO = INCLUDE_SOURCE;
				MTL_FAST_MATH = YES;
				ONLY_ACTIVE_ARCH = YES;
				SDKROOT = iphoneos;
				SWIFT_ACTIVE_COMPILATION_CONDITIONS = DEBUG;
				SWIFT_OPTIMIZATION_LEVEL = "-Onone";
			};
			name = Debug;
		};
		E64B63E6261A489400ABE6E4 /* Release */ = {
			isa = XCBuildConfiguration;
			buildSettings = {
				ALWAYS_SEARCH_USER_PATHS = NO;
				CLANG_ANALYZER_NONNULL = YES;
				CLANG_ANALYZER_NUMBER_OBJECT_CONVERSION = YES_AGGRESSIVE;
				CLANG_CXX_LANGUAGE_STANDARD = "gnu++14";
				CLANG_CXX_LIBRARY = "libc++";
				CLANG_ENABLE_MODULES = YES;
				CLANG_ENABLE_OBJC_ARC = YES;
				CLANG_ENABLE_OBJC_WEAK = YES;
				CLANG_WARN_BLOCK_CAPTURE_AUTORELEASING = YES;
				CLANG_WARN_BOOL_CONVERSION = YES;
				CLANG_WARN_COMMA = YES;
				CLANG_WARN_CONSTANT_CONVERSION = YES;
				CLANG_WARN_DEPRECATED_OBJC_IMPLEMENTATIONS = YES;
				CLANG_WARN_DIRECT_OBJC_ISA_USAGE = YES_ERROR;
				CLANG_WARN_DOCUMENTATION_COMMENTS = YES;
				CLANG_WARN_EMPTY_BODY = YES;
				CLANG_WARN_ENUM_CONVERSION = YES;
				CLANG_WARN_INFINITE_RECURSION = YES;
				CLANG_WARN_INT_CONVERSION = YES;
				CLANG_WARN_NON_LITERAL_NULL_CONVERSION = YES;
				CLANG_WARN_OBJC_IMPLICIT_RETAIN_SELF = YES;
				CLANG_WARN_OBJC_LITERAL_CONVERSION = YES;
				CLANG_WARN_OBJC_ROOT_CLASS = YES_ERROR;
				CLANG_WARN_QUOTED_INCLUDE_IN_FRAMEWORK_HEADER = YES;
				CLANG_WARN_RANGE_LOOP_ANALYSIS = YES;
				CLANG_WARN_STRICT_PROTOTYPES = YES;
				CLANG_WARN_SUSPICIOUS_MOVE = YES;
				CLANG_WARN_UNGUARDED_AVAILABILITY = YES_AGGRESSIVE;
				CLANG_WARN_UNREACHABLE_CODE = YES;
				CLANG_WARN__DUPLICATE_METHOD_MATCH = YES;
				COPY_PHASE_STRIP = NO;
				DEBUG_INFORMATION_FORMAT = "dwarf-with-dsym";
				ENABLE_NS_ASSERTIONS = NO;
				ENABLE_STRICT_OBJC_MSGSEND = YES;
				GCC_C_LANGUAGE_STANDARD = gnu11;
				GCC_NO_COMMON_BLOCKS = YES;
				GCC_WARN_64_TO_32_BIT_CONVERSION = YES;
				GCC_WARN_ABOUT_RETURN_TYPE = YES_ERROR;
				GCC_WARN_UNDECLARED_SELECTOR = YES;
				GCC_WARN_UNINITIALIZED_AUTOS = YES_AGGRESSIVE;
				GCC_WARN_UNUSED_FUNCTION = YES;
				GCC_WARN_UNUSED_VARIABLE = YES;
				IPHONEOS_DEPLOYMENT_TARGET = 14.4;
				MTL_ENABLE_DEBUG_INFO = NO;
				MTL_FAST_MATH = YES;
				SDKROOT = iphoneos;
				SWIFT_COMPILATION_MODE = wholemodule;
				SWIFT_OPTIMIZATION_LEVEL = "-O";
				VALIDATE_PRODUCT = YES;
			};
			name = Release;
		};
		E64B63E8261A489400ABE6E4 /* Debug */ = {
			isa = XCBuildConfiguration;
			buildSettings = {
				ASSETCATALOG_COMPILER_APPICON_NAME = AppIcon;
				ASSETCATALOG_COMPILER_GLOBAL_ACCENT_COLOR_NAME = AccentColor;
				CODE_SIGN_STYLE = Automatic;
				INFOPLIST_FILE = NotForgotAgain/Info.plist;
				LD_RUNPATH_SEARCH_PATHS = (
					"$(inherited)",
					"@executable_path/Frameworks",
				);
				PRODUCT_BUNDLE_IDENTIFIER = Daniil.NotForgotAgain;
				PRODUCT_NAME = "$(TARGET_NAME)";
				SWIFT_VERSION = 5.0;
				TARGETED_DEVICE_FAMILY = "1,2";
			};
			name = Debug;
		};
		E64B63E9261A489400ABE6E4 /* Release */ = {
			isa = XCBuildConfiguration;
			buildSettings = {
				ASSETCATALOG_COMPILER_APPICON_NAME = AppIcon;
				ASSETCATALOG_COMPILER_GLOBAL_ACCENT_COLOR_NAME = AccentColor;
				CODE_SIGN_STYLE = Automatic;
				INFOPLIST_FILE = NotForgotAgain/Info.plist;
				LD_RUNPATH_SEARCH_PATHS = (
					"$(inherited)",
					"@executable_path/Frameworks",
				);
				PRODUCT_BUNDLE_IDENTIFIER = Daniil.NotForgotAgain;
				PRODUCT_NAME = "$(TARGET_NAME)";
				SWIFT_VERSION = 5.0;
				TARGETED_DEVICE_FAMILY = "1,2";
			};
			name = Release;
		};
/* End XCBuildConfiguration section */

/* Begin XCConfigurationList section */
		E64B63CB261A488E00ABE6E4 /* Build configuration list for PBXProject "NotForgotAgain" */ = {
			isa = XCConfigurationList;
			buildConfigurations = (
				E64B63E5261A489400ABE6E4 /* Debug */,
				E64B63E6261A489400ABE6E4 /* Release */,
			);
			defaultConfigurationIsVisible = 0;
			defaultConfigurationName = Release;
		};
		E64B63E7261A489400ABE6E4 /* Build configuration list for PBXNativeTarget "NotForgotAgain" */ = {
			isa = XCConfigurationList;
			buildConfigurations = (
				E64B63E8261A489400ABE6E4 /* Debug */,
				E64B63E9261A489400ABE6E4 /* Release */,
			);
			defaultConfigurationIsVisible = 0;
			defaultConfigurationName = Release;
		};
/* End XCConfigurationList section */

/* Begin XCVersionGroup section */
		E64B63DC261A488E00ABE6E4 /* NotForgotAgain.xcdatamodeld */ = {
			isa = XCVersionGroup;
			children = (
				E64B63DD261A488E00ABE6E4 /* NotForgotAgain.xcdatamodel */,
			);
			currentVersion = E64B63DD261A488E00ABE6E4 /* NotForgotAgain.xcdatamodel */;
			path = NotForgotAgain.xcdatamodeld;
			sourceTree = "<group>";
			versionGroupType = wrapper.xcdatamodel;
		};
/* End XCVersionGroup section */
	};
	rootObject = E64B63C8261A488E00ABE6E4 /* Project object */;
}
